
Microsoft Visual Studio Solution File, Format Version 12.00
# Visual Studio Version 17
VisualStudioVersion = 17.3.32929.385
MinimumVisualStudioVersion = 10.0.40219.1
Project("{FAE04EC0-301F-11D3-BF4B-00C04F79EFBC}") = "Fiap.GlobalSolution", "Fiap.GlobalSolution\Fiap.GlobalSolution.csproj", "{39C69CB3-4305-4F32-A1AA-7D5EB4104819}"
EndProject
Global
	GlobalSection(SolutionConfigurationPlatforms) = preSolution
		Debug|Any CPU = Debug|Any CPU
		Release|Any CPU = Release|Any CPU
	EndGlobalSection
	GlobalSection(ProjectConfigurationPlatforms) = postSolution
		{39C69CB3-4305-4F32-A1AA-7D5EB4104819}.Debug|Any CPU.ActiveCfg = Debug|Any CPU
		{39C69CB3-4305-4F32-A1AA-7D5EB4104819}.Debug|Any CPU.Build.0 = Debug|Any CPU
		{39C69CB3-4305-4F32-A1AA-7D5EB4104819}.Release|Any CPU.ActiveCfg = Release|Any CPU
		{39C69CB3-4305-4F32-A1AA-7D5EB4104819}.Release|Any CPU.Build.0 = Release|Any CPU
	EndGlobalSection
	GlobalSection(SolutionProperties) = preSolution
		HideSolutionNode = FALSE
	EndGlobalSection
	GlobalSection(ExtensibilityGlobals) = postSolution
		SolutionGuid = {58FB0DBE-391E-4D64-A020-547C76B69AF5}
	EndGlobalSection
EndGlobal
